
Microsoft Visual Studio Solution File, Format Version 12.00
# Visual Studio 15
VisualStudioVersion = 15.0.26124.0
MinimumVisualStudioVersion = 15.0.26124.0
Project("{2150E333-8FDC-42A3-9474-1A3956D46DE8}") = "Infrastructure", "Infrastructure", "{B553CF67-8FBD-4211-8D00-1A5BA1BA5DD8}"
EndProject
Project("{FAE04EC0-301F-11D3-BF4B-00C04F79EFBC}") = "TableTop.Inc.API.Infrastructure.Engine", "Infrastructure\Engine\TableTop.Inc.API.Infrastructure.Engine.csproj", "{DD9E9245-6EB1-4215-8BEB-C7349230F753}"
EndProject
Project("{2150E333-8FDC-42A3-9474-1A3956D46DE8}") = "Data", "Data", "{4AFFF43C-9CF6-43A6-A4BB-444DBAFEB832}"
EndProject
Project("{FAE04EC0-301F-11D3-BF4B-00C04F79EFBC}") = "TableTop.Inc.API.Data.AzureStorage", "Data\AzureStorage\TableTop.Inc.API.Data.AzureStorage.csproj", "{E4769067-FD7C-48BA-B830-9AA6D1CFE08D}"
EndProject
Project("{2150E333-8FDC-42A3-9474-1A3956D46DE8}") = "Endpoint", "Endpoint", "{376E1F41-1B1E-4FB5-9E15-54B39F3C1A8E}"
EndProject
Project("{FAE04EC0-301F-11D3-BF4B-00C04F79EFBC}") = "TableTop.Inc.API.Data.AzureFunction", "Endpoint\AzureFunction\TableTop.Inc.API.Data.AzureFunction.csproj", "{8659BD71-F34D-4A13-9058-841E0A61C93D}"
EndProject
Global
	GlobalSection(SolutionConfigurationPlatforms) = preSolution
		Debug|Any CPU = Debug|Any CPU
		Debug|x64 = Debug|x64
		Debug|x86 = Debug|x86
		Release|Any CPU = Release|Any CPU
		Release|x64 = Release|x64
		Release|x86 = Release|x86
	EndGlobalSection
	GlobalSection(SolutionProperties) = preSolution
		HideSolutionNode = FALSE
	EndGlobalSection
	GlobalSection(ProjectConfigurationPlatforms) = postSolution
		{DD9E9245-6EB1-4215-8BEB-C7349230F753}.Debug|Any CPU.ActiveCfg = Debug|Any CPU
		{DD9E9245-6EB1-4215-8BEB-C7349230F753}.Debug|Any CPU.Build.0 = Debug|Any CPU
		{DD9E9245-6EB1-4215-8BEB-C7349230F753}.Debug|x64.ActiveCfg = Debug|Any CPU
		{DD9E9245-6EB1-4215-8BEB-C7349230F753}.Debug|x64.Build.0 = Debug|Any CPU
		{DD9E9245-6EB1-4215-8BEB-C7349230F753}.Debug|x86.ActiveCfg = Debug|Any CPU
		{DD9E9245-6EB1-4215-8BEB-C7349230F753}.Debug|x86.Build.0 = Debug|Any CPU
		{DD9E9245-6EB1-4215-8BEB-C7349230F753}.Release|Any CPU.ActiveCfg = Release|Any CPU
		{DD9E9245-6EB1-4215-8BEB-C7349230F753}.Release|Any CPU.Build.0 = Release|Any CPU
		{DD9E9245-6EB1-4215-8BEB-C7349230F753}.Release|x64.ActiveCfg = Release|Any CPU
		{DD9E9245-6EB1-4215-8BEB-C7349230F753}.Release|x64.Build.0 = Release|Any CPU
		{DD9E9245-6EB1-4215-8BEB-C7349230F753}.Release|x86.ActiveCfg = Release|Any CPU
		{DD9E9245-6EB1-4215-8BEB-C7349230F753}.Release|x86.Build.0 = Release|Any CPU
		{E4769067-FD7C-48BA-B830-9AA6D1CFE08D}.Debug|Any CPU.ActiveCfg = Debug|Any CPU
		{E4769067-FD7C-48BA-B830-9AA6D1CFE08D}.Debug|Any CPU.Build.0 = Debug|Any CPU
		{E4769067-FD7C-48BA-B830-9AA6D1CFE08D}.Debug|x64.ActiveCfg = Debug|Any CPU
		{E4769067-FD7C-48BA-B830-9AA6D1CFE08D}.Debug|x64.Build.0 = Debug|Any CPU
		{E4769067-FD7C-48BA-B830-9AA6D1CFE08D}.Debug|x86.ActiveCfg = Debug|Any CPU
		{E4769067-FD7C-48BA-B830-9AA6D1CFE08D}.Debug|x86.Build.0 = Debug|Any CPU
		{E4769067-FD7C-48BA-B830-9AA6D1CFE08D}.Release|Any CPU.ActiveCfg = Release|Any CPU
		{E4769067-FD7C-48BA-B830-9AA6D1CFE08D}.Release|Any CPU.Build.0 = Release|Any CPU
		{E4769067-FD7C-48BA-B830-9AA6D1CFE08D}.Release|x64.ActiveCfg = Release|Any CPU
		{E4769067-FD7C-48BA-B830-9AA6D1CFE08D}.Release|x64.Build.0 = Release|Any CPU
		{E4769067-FD7C-48BA-B830-9AA6D1CFE08D}.Release|x86.ActiveCfg = Release|Any CPU
		{E4769067-FD7C-48BA-B830-9AA6D1CFE08D}.Release|x86.Build.0 = Release|Any CPU
		{8659BD71-F34D-4A13-9058-841E0A61C93D}.Debug|Any CPU.ActiveCfg = Debug|Any CPU
		{8659BD71-F34D-4A13-9058-841E0A61C93D}.Debug|Any CPU.Build.0 = Debug|Any CPU
		{8659BD71-F34D-4A13-9058-841E0A61C93D}.Debug|x64.ActiveCfg = Debug|Any CPU
		{8659BD71-F34D-4A13-9058-841E0A61C93D}.Debug|x64.Build.0 = Debug|Any CPU
		{8659BD71-F34D-4A13-9058-841E0A61C93D}.Debug|x86.ActiveCfg = Debug|Any CPU
		{8659BD71-F34D-4A13-9058-841E0A61C93D}.Debug|x86.Build.0 = Debug|Any CPU
		{8659BD71-F34D-4A13-9058-841E0A61C93D}.Release|Any CPU.ActiveCfg = Release|Any CPU
		{8659BD71-F34D-4A13-9058-841E0A61C93D}.Release|Any CPU.Build.0 = Release|Any CPU
		{8659BD71-F34D-4A13-9058-841E0A61C93D}.Release|x64.ActiveCfg = Release|Any CPU
		{8659BD71-F34D-4A13-9058-841E0A61C93D}.Release|x64.Build.0 = Release|Any CPU
		{8659BD71-F34D-4A13-9058-841E0A61C93D}.Release|x86.ActiveCfg = Release|Any CPU
		{8659BD71-F34D-4A13-9058-841E0A61C93D}.Release|x86.Build.0 = Release|Any CPU
	EndGlobalSection
	GlobalSection(NestedProjects) = preSolution
		{DD9E9245-6EB1-4215-8BEB-C7349230F753} = {B553CF67-8FBD-4211-8D00-1A5BA1BA5DD8}
		{E4769067-FD7C-48BA-B830-9AA6D1CFE08D} = {4AFFF43C-9CF6-43A6-A4BB-444DBAFEB832}
		{8659BD71-F34D-4A13-9058-841E0A61C93D} = {376E1F41-1B1E-4FB5-9E15-54B39F3C1A8E}
	EndGlobalSection
EndGlobal
